
Microsoft Visual Studio Solution File, Format Version 12.00
# Visual Studio 15
VisualStudioVersion = 15.0.28307.329
MinimumVisualStudioVersion = 10.0.40219.1
Project("{9A19103F-16F7-4668-BE54-9A1E7A4F7556}") = "PokemonLookupAPI", "source\PokemonLookupAPI\PokemonLookupAPI.csproj", "{3FBF1151-3BEE-44DB-888E-062D74775973}"
EndProject
Project("{9A19103F-16F7-4668-BE54-9A1E7A4F7556}") = "PokemonLookupAPI.DataGenerator", "source\PokemonLookupAPI.DataGenerator\PokemonLookupAPI.DataGenerator.csproj", "{A6BD7964-6254-4F22-BF85-CB9EB2DF9FC8}"
EndProject
Project("{9A19103F-16F7-4668-BE54-9A1E7A4F7556}") = "PokemonLookupAPI.Models", "source\PokemonLookupAPI.Models\PokemonLookupAPI.Models.csproj", "{27EB7FEA-A7B5-4E1A-996E-09AEA3A044D8}"
EndProject
Global
	GlobalSection(SolutionConfigurationPlatforms) = preSolution
		Debug|Any CPU = Debug|Any CPU
		Release|Any CPU = Release|Any CPU
	EndGlobalSection
	GlobalSection(ProjectConfigurationPlatforms) = postSolution
		{3FBF1151-3BEE-44DB-888E-062D74775973}.Debug|Any CPU.ActiveCfg = Debug|Any CPU
		{3FBF1151-3BEE-44DB-888E-062D74775973}.Debug|Any CPU.Build.0 = Debug|Any CPU
		{3FBF1151-3BEE-44DB-888E-062D74775973}.Release|Any CPU.ActiveCfg = Release|Any CPU
		{3FBF1151-3BEE-44DB-888E-062D74775973}.Release|Any CPU.Build.0 = Release|Any CPU
		{A6BD7964-6254-4F22-BF85-CB9EB2DF9FC8}.Debug|Any CPU.ActiveCfg = Debug|Any CPU
		{A6BD7964-6254-4F22-BF85-CB9EB2DF9FC8}.Debug|Any CPU.Build.0 = Debug|Any CPU
		{A6BD7964-6254-4F22-BF85-CB9EB2DF9FC8}.Release|Any CPU.ActiveCfg = Release|Any CPU
		{A6BD7964-6254-4F22-BF85-CB9EB2DF9FC8}.Release|Any CPU.Build.0 = Release|Any CPU
		{27EB7FEA-A7B5-4E1A-996E-09AEA3A044D8}.Debug|Any CPU.ActiveCfg = Debug|Any CPU
		{27EB7FEA-A7B5-4E1A-996E-09AEA3A044D8}.Debug|Any CPU.Build.0 = Debug|Any CPU
		{27EB7FEA-A7B5-4E1A-996E-09AEA3A044D8}.Release|Any CPU.ActiveCfg = Release|Any CPU
		{27EB7FEA-A7B5-4E1A-996E-09AEA3A044D8}.Release|Any CPU.Build.0 = Release|Any CPU
	EndGlobalSection
	GlobalSection(SolutionProperties) = preSolution
		HideSolutionNode = FALSE
	EndGlobalSection
	GlobalSection(ExtensibilityGlobals) = postSolution
		SolutionGuid = {C943ADDB-0AF8-499D-9383-A7A542F51B69}
	EndGlobalSection
EndGlobal
